
Microsoft Visual Studio Solution File, Format Version 12.00
# Visual Studio Version 16
VisualStudioVersion = 16.0.32002.261
MinimumVisualStudioVersion = 10.0.40219.1
Project("{8BC9CEB8-8B4A-11D0-8D11-00A0C91BC942}") = "Chapter 1-DirectXVector", "DirectXVector\DirectXVector.vcxproj", "{69F9B383-707A-4CA5-B6E9-20B350F2F4B1}"
EndProject
Project("{8BC9CEB8-8B4A-11D0-8D11-00A0C91BC942}") = "Chapter 2 - Matrix", "Chapter2 - Matrix\Chapter2 - Matrix.vcxproj", "{AD7F3232-AA2C-441C-B891-15B140CDC477}"
EndProject
Project("{8BC9CEB8-8B4A-11D0-8D11-00A0C91BC942}") = "Chapter 3 - Transformation", "Chapter 3 - Transformation\Chapter 3 - Transformation.vcxproj", "{1F82FD42-3A84-4B14-85EF-1625683F76D0}"
EndProject
Project("{8BC9CEB8-8B4A-11D0-8D11-00A0C91BC942}") = "Chapter 4 - Direct3D Preliminaries", "Chapter 4 - Direct3D Preliminaries\Chapter 4 - Direct3D Preliminaries.vcxproj", "{B7786033-5C5F-48F6-AB98-95344D6BA547}"
EndProject
Project("{8BC9CEB8-8B4A-11D0-8D11-00A0C91BC942}") = "Chapter 4.3 - Direct3D Initialize", "Chapter 4.2 - CPU GPU interaction\Chapter 4.2 - CPU GPU interaction.vcxproj", "{848D39F0-9A41-4D3F-9B87-04A223E10A8E}"
EndProject
Project("{8BC9CEB8-8B4A-11D0-8D11-00A0C91BC942}") = "MyD3DProject", "MyD3DProject\MyD3DProject.vcxproj", "{2C94ACBF-BAF9-4066-960E-98B033996E85}"
EndProject
Project("{8BC9CEB8-8B4A-11D0-8D11-00A0C91BC942}") = "Chapter 4.5 - Template Demo", "Chapter 4.5 - Template Demo\Chapter 4.5 - Template Demo.vcxproj", "{B52D989D-4DC3-476E-A5BC-7142E106F7B3}"
EndProject
Project("{8BC9CEB8-8B4A-11D0-8D11-00A0C91BC942}") = "Init Direct3D", "..\..\Chapter 4 Direct3D Initialization\Init Direct3D\Init Direct3D.vcxproj", "{C4680F18-E037-4881-A760-CF9AC4C668C5}"
EndProject
Project("{8BC9CEB8-8B4A-11D0-8D11-00A0C91BC942}") = "Chapter 6 - Box Demo", "Chapter 6 - Box Demo\Chapter 6 - Box Demo.vcxproj", "{38CC2B7D-AABF-4059-BFAD-498645160485}"
EndProject
Project("{8BC9CEB8-8B4A-11D0-8D11-00A0C91BC942}") = "Chapter 7 - Shapes Demo", "Chapter 7 - Shapes Demo\Chapter 7 - Shapes Demo.vcxproj", "{A11650BF-9976-4977-89A5-3E723007328D}"
EndProject
Project("{8BC9CEB8-8B4A-11D0-8D11-00A0C91BC942}") = "Chapter 7 - Land and Wave", "Chapter 7 - Land and Wave\Chapter 7 - Land and Wave.vcxproj", "{561AB090-FBC3-4054-B2FF-0372B08DFD4D}"
EndProject
Project("{8BC9CEB8-8B4A-11D0-8D11-00A0C91BC942}") = "Chapter 7 - Exercises 7.3 Skull", "Chapter 7 - Exercises 7.3 Skull\Chapter 7 - Exercises 7.3 Skull.vcxproj", "{71B6EB86-8EF7-476C-8108-0C5F91A48A80}"
EndProject
Project("{8BC9CEB8-8B4A-11D0-8D11-00A0C91BC942}") = "Chapter 8 - Lighting Demo", "Chapter 8 - Lighting Demo\Chapter 8 - Lighting Demo.vcxproj", "{D0CD25ED-EF9B-4B90-A89D-D68A637DD238}"
EndProject
Project("{8BC9CEB8-8B4A-11D0-8D11-00A0C91BC942}") = "Chapter 9 - Texture Demo", "Chapter 9 - Texture Demo\Chapter 9 - Texture Demo.vcxproj", "{AD1FA04A-1105-44E7-AF60-8DD1F2E7627D}"
EndProject
Project("{8BC9CEB8-8B4A-11D0-8D11-00A0C91BC942}") = "Chapter 10 - Blending Demo", "Chapter 10 - Blending Demo\Chapter 10 - Blending Demo.vcxproj", "{A9ED7485-6F0C-4D90-8511-2108EFCD38F3}"
EndProject
Global
	GlobalSection(SolutionConfigurationPlatforms) = preSolution
		Debug|x64 = Debug|x64
		Debug|x86 = Debug|x86
		Release|x64 = Release|x64
		Release|x86 = Release|x86
	EndGlobalSection
	GlobalSection(ProjectConfigurationPlatforms) = postSolution
		{69F9B383-707A-4CA5-B6E9-20B350F2F4B1}.Debug|x64.ActiveCfg = Debug|x64
		{69F9B383-707A-4CA5-B6E9-20B350F2F4B1}.Debug|x64.Build.0 = Debug|x64
		{69F9B383-707A-4CA5-B6E9-20B350F2F4B1}.Debug|x86.ActiveCfg = Debug|Win32
		{69F9B383-707A-4CA5-B6E9-20B350F2F4B1}.Debug|x86.Build.0 = Debug|Win32
		{69F9B383-707A-4CA5-B6E9-20B350F2F4B1}.Release|x64.ActiveCfg = Release|x64
		{69F9B383-707A-4CA5-B6E9-20B350F2F4B1}.Release|x64.Build.0 = Release|x64
		{69F9B383-707A-4CA5-B6E9-20B350F2F4B1}.Release|x86.ActiveCfg = Release|Win32
		{69F9B383-707A-4CA5-B6E9-20B350F2F4B1}.Release|x86.Build.0 = Release|Win32
		{AD7F3232-AA2C-441C-B891-15B140CDC477}.Debug|x64.ActiveCfg = Debug|x64
		{AD7F3232-AA2C-441C-B891-15B140CDC477}.Debug|x64.Build.0 = Debug|x64
		{AD7F3232-AA2C-441C-B891-15B140CDC477}.Debug|x86.ActiveCfg = Debug|Win32
		{AD7F3232-AA2C-441C-B891-15B140CDC477}.Debug|x86.Build.0 = Debug|Win32
		{AD7F3232-AA2C-441C-B891-15B140CDC477}.Release|x64.ActiveCfg = Release|x64
		{AD7F3232-AA2C-441C-B891-15B140CDC477}.Release|x64.Build.0 = Release|x64
		{AD7F3232-AA2C-441C-B891-15B140CDC477}.Release|x86.ActiveCfg = Release|Win32
		{AD7F3232-AA2C-441C-B891-15B140CDC477}.Release|x86.Build.0 = Release|Win32
		{1F82FD42-3A84-4B14-85EF-1625683F76D0}.Debug|x64.ActiveCfg = Debug|x64
		{1F82FD42-3A84-4B14-85EF-1625683F76D0}.Debug|x64.Build.0 = Debug|x64
		{1F82FD42-3A84-4B14-85EF-1625683F76D0}.Debug|x86.ActiveCfg = Debug|Win32
		{1F82FD42-3A84-4B14-85EF-1625683F76D0}.Debug|x86.Build.0 = Debug|Win32
		{1F82FD42-3A84-4B14-85EF-1625683F76D0}.Release|x64.ActiveCfg = Release|x64
		{1F82FD42-3A84-4B14-85EF-1625683F76D0}.Release|x64.Build.0 = Release|x64
		{1F82FD42-3A84-4B14-85EF-1625683F76D0}.Release|x86.ActiveCfg = Release|Win32
		{1F82FD42-3A84-4B14-85EF-1625683F76D0}.Release|x86.Build.0 = Release|Win32
		{B7786033-5C5F-48F6-AB98-95344D6BA547}.Debug|x64.ActiveCfg = Debug|x64
		{B7786033-5C5F-48F6-AB98-95344D6BA547}.Debug|x64.Build.0 = Debug|x64
		{B7786033-5C5F-48F6-AB98-95344D6BA547}.Debug|x86.ActiveCfg = Debug|Win32
		{B7786033-5C5F-48F6-AB98-95344D6BA547}.Debug|x86.Build.0 = Debug|Win32
		{B7786033-5C5F-48F6-AB98-95344D6BA547}.Release|x64.ActiveCfg = Release|x64
		{B7786033-5C5F-48F6-AB98-95344D6BA547}.Release|x64.Build.0 = Release|x64
		{B7786033-5C5F-48F6-AB98-95344D6BA547}.Release|x86.ActiveCfg = Release|Win32
		{B7786033-5C5F-48F6-AB98-95344D6BA547}.Release|x86.Build.0 = Release|Win32
		{848D39F0-9A41-4D3F-9B87-04A223E10A8E}.Debug|x64.ActiveCfg = Debug|x64
		{848D39F0-9A41-4D3F-9B87-04A223E10A8E}.Debug|x64.Build.0 = Debug|x64
		{848D39F0-9A41-4D3F-9B87-04A223E10A8E}.Debug|x86.ActiveCfg = Debug|Win32
		{848D39F0-9A41-4D3F-9B87-04A223E10A8E}.Debug|x86.Build.0 = Debug|Win32
		{848D39F0-9A41-4D3F-9B87-04A223E10A8E}.Release|x64.ActiveCfg = Release|x64
		{848D39F0-9A41-4D3F-9B87-04A223E10A8E}.Release|x64.Build.0 = Release|x64
		{848D39F0-9A41-4D3F-9B87-04A223E10A8E}.Release|x86.ActiveCfg = Release|Win32
		{848D39F0-9A41-4D3F-9B87-04A223E10A8E}.Release|x86.Build.0 = Release|Win32
		{2C94ACBF-BAF9-4066-960E-98B033996E85}.Debug|x64.ActiveCfg = Debug|x64
		{2C94ACBF-BAF9-4066-960E-98B033996E85}.Debug|x64.Build.0 = Debug|x64
		{2C94ACBF-BAF9-4066-960E-98B033996E85}.Debug|x86.ActiveCfg = Debug|Win32
		{2C94ACBF-BAF9-4066-960E-98B033996E85}.Debug|x86.Build.0 = Debug|Win32
		{2C94ACBF-BAF9-4066-960E-98B033996E85}.Release|x64.ActiveCfg = Release|x64
		{2C94ACBF-BAF9-4066-960E-98B033996E85}.Release|x64.Build.0 = Release|x64
		{2C94ACBF-BAF9-4066-960E-98B033996E85}.Release|x86.ActiveCfg = Release|Win32
		{2C94ACBF-BAF9-4066-960E-98B033996E85}.Release|x86.Build.0 = Release|Win32
		{B52D989D-4DC3-476E-A5BC-7142E106F7B3}.Debug|x64.ActiveCfg = Debug|x64
		{B52D989D-4DC3-476E-A5BC-7142E106F7B3}.Debug|x64.Build.0 = Debug|x64
		{B52D989D-4DC3-476E-A5BC-7142E106F7B3}.Debug|x86.ActiveCfg = Debug|Win32
		{B52D989D-4DC3-476E-A5BC-7142E106F7B3}.Debug|x86.Build.0 = Debug|Win32
		{B52D989D-4DC3-476E-A5BC-7142E106F7B3}.Release|x64.ActiveCfg = Release|x64
		{B52D989D-4DC3-476E-A5BC-7142E106F7B3}.Release|x64.Build.0 = Release|x64
		{B52D989D-4DC3-476E-A5BC-7142E106F7B3}.Release|x86.ActiveCfg = Release|Win32
		{B52D989D-4DC3-476E-A5BC-7142E106F7B3}.Release|x86.Build.0 = Release|Win32
		{C4680F18-E037-4881-A760-CF9AC4C668C5}.Debug|x64.ActiveCfg = Debug|x64
		{C4680F18-E037-4881-A760-CF9AC4C668C5}.Debug|x64.Build.0 = Debug|x64
		{C4680F18-E037-4881-A760-CF9AC4C668C5}.Debug|x86.ActiveCfg = Debug|Win32
		{C4680F18-E037-4881-A760-CF9AC4C668C5}.Debug|x86.Build.0 = Debug|Win32
		{C4680F18-E037-4881-A760-CF9AC4C668C5}.Release|x64.ActiveCfg = Release|x64
		{C4680F18-E037-4881-A760-CF9AC4C668C5}.Release|x64.Build.0 = Release|x64
		{C4680F18-E037-4881-A760-CF9AC4C668C5}.Release|x86.ActiveCfg = Release|Win32
		{C4680F18-E037-4881-A760-CF9AC4C668C5}.Release|x86.Build.0 = Release|Win32
		{38CC2B7D-AABF-4059-BFAD-498645160485}.Debug|x64.ActiveCfg = Debug|x64
		{38CC2B7D-AABF-4059-BFAD-498645160485}.Debug|x64.Build.0 = Debug|x64
		{38CC2B7D-AABF-4059-BFAD-498645160485}.Debug|x86.ActiveCfg = Debug|Win32
		{38CC2B7D-AABF-4059-BFAD-498645160485}.Debug|x86.Build.0 = Debug|Win32
		{38CC2B7D-AABF-4059-BFAD-498645160485}.Release|x64.ActiveCfg = Release|x64
		{38CC2B7D-AABF-4059-BFAD-498645160485}.Release|x64.Build.0 = Release|x64
		{38CC2B7D-AABF-4059-BFAD-498645160485}.Release|x86.ActiveCfg = Release|Win32
		{38CC2B7D-AABF-4059-BFAD-498645160485}.Release|x86.Build.0 = Release|Win32
		{A11650BF-9976-4977-89A5-3E723007328D}.Debug|x64.ActiveCfg = Debug|x64
		{A11650BF-9976-4977-89A5-3E723007328D}.Debug|x64.Build.0 = Debug|x64
		{A11650BF-9976-4977-89A5-3E723007328D}.Debug|x86.ActiveCfg = Debug|Win32
		{A11650BF-9976-4977-89A5-3E723007328D}.Debug|x86.Build.0 = Debug|Win32
		{A11650BF-9976-4977-89A5-3E723007328D}.Release|x64.ActiveCfg = Release|x64
		{A11650BF-9976-4977-89A5-3E723007328D}.Release|x64.Build.0 = Release|x64
		{A11650BF-9976-4977-89A5-3E723007328D}.Release|x86.ActiveCfg = Release|Win32
		{A11650BF-9976-4977-89A5-3E723007328D}.Release|x86.Build.0 = Release|Win32
		{561AB090-FBC3-4054-B2FF-0372B08DFD4D}.Debug|x64.ActiveCfg = Debug|x64
		{561AB090-FBC3-4054-B2FF-0372B08DFD4D}.Debug|x64.Build.0 = Debug|x64
		{561AB090-FBC3-4054-B2FF-0372B08DFD4D}.Debug|x86.ActiveCfg = Debug|Win32
		{561AB090-FBC3-4054-B2FF-0372B08DFD4D}.Debug|x86.Build.0 = Debug|Win32
		{561AB090-FBC3-4054-B2FF-0372B08DFD4D}.Release|x64.ActiveCfg = Release|x64
		{561AB090-FBC3-4054-B2FF-0372B08DFD4D}.Release|x64.Build.0 = Release|x64
		{561AB090-FBC3-4054-B2FF-0372B08DFD4D}.Release|x86.ActiveCfg = Release|Win32
		{561AB090-FBC3-4054-B2FF-0372B08DFD4D}.Release|x86.Build.0 = Release|Win32
		{71B6EB86-8EF7-476C-8108-0C5F91A48A80}.Debug|x64.ActiveCfg = Debug|x64
		{71B6EB86-8EF7-476C-8108-0C5F91A48A80}.Debug|x64.Build.0 = Debug|x64
		{71B6EB86-8EF7-476C-8108-0C5F91A48A80}.Debug|x86.ActiveCfg = Debug|Win32
		{71B6EB86-8EF7-476C-8108-0C5F91A48A80}.Debug|x86.Build.0 = Debug|Win32
		{71B6EB86-8EF7-476C-8108-0C5F91A48A80}.Release|x64.ActiveCfg = Release|x64
		{71B6EB86-8EF7-476C-8108-0C5F91A48A80}.Release|x64.Build.0 = Release|x64
		{71B6EB86-8EF7-476C-8108-0C5F91A48A80}.Release|x86.ActiveCfg = Release|Win32
		{71B6EB86-8EF7-476C-8108-0C5F91A48A80}.Release|x86.Build.0 = Release|Win32
		{D0CD25ED-EF9B-4B90-A89D-D68A637DD238}.Debug|x64.ActiveCfg = Debug|x64
		{D0CD25ED-EF9B-4B90-A89D-D68A637DD238}.Debug|x64.Build.0 = Debug|x64
		{D0CD25ED-EF9B-4B90-A89D-D68A637DD238}.Debug|x86.ActiveCfg = Debug|Win32
		{D0CD25ED-EF9B-4B90-A89D-D68A637DD238}.Debug|x86.Build.0 = Debug|Win32
		{D0CD25ED-EF9B-4B90-A89D-D68A637DD238}.Release|x64.ActiveCfg = Release|x64
		{D0CD25ED-EF9B-4B90-A89D-D68A637DD238}.Release|x64.Build.0 = Release|x64
		{D0CD25ED-EF9B-4B90-A89D-D68A637DD238}.Release|x86.ActiveCfg = Release|Win32
		{D0CD25ED-EF9B-4B90-A89D-D68A637DD238}.Release|x86.Build.0 = Release|Win32
		{AD1FA04A-1105-44E7-AF60-8DD1F2E7627D}.Debug|x64.ActiveCfg = Debug|x64
		{AD1FA04A-1105-44E7-AF60-8DD1F2E7627D}.Debug|x64.Build.0 = Debug|x64
		{AD1FA04A-1105-44E7-AF60-8DD1F2E7627D}.Debug|x86.ActiveCfg = Debug|Win32
		{AD1FA04A-1105-44E7-AF60-8DD1F2E7627D}.Debug|x86.Build.0 = Debug|Win32
		{AD1FA04A-1105-44E7-AF60-8DD1F2E7627D}.Release|x64.ActiveCfg = Release|x64
		{AD1FA04A-1105-44E7-AF60-8DD1F2E7627D}.Release|x64.Build.0 = Release|x64
		{AD1FA04A-1105-44E7-AF60-8DD1F2E7627D}.Release|x86.ActiveCfg = Release|Win32
		{AD1FA04A-1105-44E7-AF60-8DD1F2E7627D}.Release|x86.Build.0 = Release|Win32
		{A9ED7485-6F0C-4D90-8511-2108EFCD38F3}.Debug|x64.ActiveCfg = Debug|x64
		{A9ED7485-6F0C-4D90-8511-2108EFCD38F3}.Debug|x64.Build.0 = Debug|x64
		{A9ED7485-6F0C-4D90-8511-2108EFCD38F3}.Debug|x86.ActiveCfg = Debug|Win32
		{A9ED7485-6F0C-4D90-8511-2108EFCD38F3}.Debug|x86.Build.0 = Debug|Win32
		{A9ED7485-6F0C-4D90-8511-2108EFCD38F3}.Release|x64.ActiveCfg = Release|x64
		{A9ED7485-6F0C-4D90-8511-2108EFCD38F3}.Release|x64.Build.0 = Release|x64
		{A9ED7485-6F0C-4D90-8511-2108EFCD38F3}.Release|x86.ActiveCfg = Release|Win32
		{A9ED7485-6F0C-4D90-8511-2108EFCD38F3}.Release|x86.Build.0 = Release|Win32
	EndGlobalSection
	GlobalSection(SolutionProperties) = preSolution
		HideSolutionNode = FALSE
	EndGlobalSection
	GlobalSection(ExtensibilityGlobals) = postSolution
		SolutionGuid = {47E31CFA-A000-4AE5-8FE6-428795D824E6}
	EndGlobalSection
EndGlobal
